
Microsoft Visual Studio Solution File, Format Version 12.00
# Visual Studio Version 17
VisualStudioVersion = 17.8.34511.84
MinimumVisualStudioVersion = 10.0.40219.1
Project("{FAE04EC0-301F-11D3-BF4B-00C04F79EFBC}") = "WpfApp1", "WpfApp1\WpfApp1.csproj", "{2AB09F47-231F-44DA-A9CC-0A965C043C02}"
EndProject
Global
	GlobalSection(SolutionConfigurationPlatforms) = preSolution
		Debug|Any CPU = Debug|Any CPU
		Release|Any CPU = Release|Any CPU
	EndGlobalSection
	GlobalSection(ProjectConfigurationPlatforms) = postSolution
		{2AB09F47-231F-44DA-A9CC-0A965C043C02}.Debug|Any CPU.ActiveCfg = Debug|Any CPU
		{2AB09F47-231F-44DA-A9CC-0A965C043C02}.Debug|Any CPU.Build.0 = Debug|Any CPU
		{2AB09F47-231F-44DA-A9CC-0A965C043C02}.Release|Any CPU.ActiveCfg = Release|Any CPU
		{2AB09F47-231F-44DA-A9CC-0A965C043C02}.Release|Any CPU.Build.0 = Release|Any CPU
	EndGlobalSection
	GlobalSection(SolutionProperties) = preSolution
		HideSolutionNode = FALSE
	EndGlobalSection
	GlobalSection(ExtensibilityGlobals) = postSolution
		SolutionGuid = {90DA13B6-916F-4361-BCD1-09B67A52DBFA}
	EndGlobalSection
EndGlobal
